
Microsoft Visual Studio Solution File, Format Version 12.00
# Visual Studio Version 17
VisualStudioVersion = 17.2.32630.192
MinimumVisualStudioVersion = 10.0.40219.1
Project("{FAE04EC0-301F-11D3-BF4B-00C04F79EFBC}") = "Parser", "Parser\Parser.csproj", "{DDCB956A-5F4D-426D-ACA5-A5876B397554}"
EndProject
Global
	GlobalSection(SolutionConfigurationPlatforms) = preSolution
		Debug|Any CPU = Debug|Any CPU
		Release|Any CPU = Release|Any CPU
	EndGlobalSection
	GlobalSection(ProjectConfigurationPlatforms) = postSolution
		{DDCB956A-5F4D-426D-ACA5-A5876B397554}.Debug|Any CPU.ActiveCfg = Debug|Any CPU
		{DDCB956A-5F4D-426D-ACA5-A5876B397554}.Debug|Any CPU.Build.0 = Debug|Any CPU
		{DDCB956A-5F4D-426D-ACA5-A5876B397554}.Release|Any CPU.ActiveCfg = Release|Any CPU
		{DDCB956A-5F4D-426D-ACA5-A5876B397554}.Release|Any CPU.Build.0 = Release|Any CPU
	EndGlobalSection
	GlobalSection(SolutionProperties) = preSolution
		HideSolutionNode = FALSE
	EndGlobalSection
	GlobalSection(ExtensibilityGlobals) = postSolution
		SolutionGuid = {F7EC5609-663A-4071-8E0E-C1DE0DA608DE}
	EndGlobalSection
EndGlobal
